
Microsoft Visual Studio Solution File, Format Version 12.00
# Visual Studio 15
VisualStudioVersion = 15.0.27130.2027
MinimumVisualStudioVersion = 10.0.40219.1
Project("{FAE04EC0-301F-11D3-BF4B-00C04F79EFBC}") = "WebApplication1", "WebApplication1\WebApplication1.csproj", "{BC651FF1-41C9-45C0-A638-250F4947C403}"
EndProject
Global
	GlobalSection(SolutionConfigurationPlatforms) = preSolution
		Debug|Any CPU = Debug|Any CPU
		Release|Any CPU = Release|Any CPU
	EndGlobalSection
	GlobalSection(ProjectConfigurationPlatforms) = postSolution
		{BC651FF1-41C9-45C0-A638-250F4947C403}.Debug|Any CPU.ActiveCfg = Debug|Any CPU
		{BC651FF1-41C9-45C0-A638-250F4947C403}.Debug|Any CPU.Build.0 = Debug|Any CPU
		{BC651FF1-41C9-45C0-A638-250F4947C403}.Release|Any CPU.ActiveCfg = Release|Any CPU
		{BC651FF1-41C9-45C0-A638-250F4947C403}.Release|Any CPU.Build.0 = Release|Any CPU
	EndGlobalSection
	GlobalSection(SolutionProperties) = preSolution
		HideSolutionNode = FALSE
	EndGlobalSection
	GlobalSection(ExtensibilityGlobals) = postSolution
		SolutionGuid = {643285C5-8554-4364-A3E7-1C42B30D44EA}
	EndGlobalSection
EndGlobal
